
Microsoft Visual Studio Solution File, Format Version 12.00
# Visual Studio Version 16
VisualStudioVersion = 16.0.31112.23
MinimumVisualStudioVersion = 10.0.40219.1
Project("{9A19103F-16F7-4668-BE54-9A1E7A4F7556}") = "WebApp", "WebApp\WebApp.csproj", "{05641950-D44C-4091-BFD0-D2E72894FF7F}"
EndProject
Project("{FAE04EC0-301F-11D3-BF4B-00C04F79EFBC}") = "Engine", "Engine\Engine.csproj", "{63A6E903-8C6A-44AC-AB15-7D7F10885467}"
EndProject
Global
	GlobalSection(SolutionConfigurationPlatforms) = preSolution
		Debug|Any CPU = Debug|Any CPU
		Release|Any CPU = Release|Any CPU
	EndGlobalSection
	GlobalSection(ProjectConfigurationPlatforms) = postSolution
		{05641950-D44C-4091-BFD0-D2E72894FF7F}.Debug|Any CPU.ActiveCfg = Debug|Any CPU
		{05641950-D44C-4091-BFD0-D2E72894FF7F}.Debug|Any CPU.Build.0 = Debug|Any CPU
		{05641950-D44C-4091-BFD0-D2E72894FF7F}.Release|Any CPU.ActiveCfg = Release|Any CPU
		{05641950-D44C-4091-BFD0-D2E72894FF7F}.Release|Any CPU.Build.0 = Release|Any CPU
		{63A6E903-8C6A-44AC-AB15-7D7F10885467}.Debug|Any CPU.ActiveCfg = Debug|Any CPU
		{63A6E903-8C6A-44AC-AB15-7D7F10885467}.Debug|Any CPU.Build.0 = Debug|Any CPU
		{63A6E903-8C6A-44AC-AB15-7D7F10885467}.Release|Any CPU.ActiveCfg = Release|Any CPU
		{63A6E903-8C6A-44AC-AB15-7D7F10885467}.Release|Any CPU.Build.0 = Release|Any CPU
	EndGlobalSection
	GlobalSection(SolutionProperties) = preSolution
		HideSolutionNode = FALSE
	EndGlobalSection
	GlobalSection(ExtensibilityGlobals) = postSolution
		SolutionGuid = {0B5B32A3-CEB1-4D37-868E-E267A8471310}
	EndGlobalSection
EndGlobal
